
Microsoft Visual Studio Solution File, Format Version 12.00
# Visual Studio 14
VisualStudioVersion = 14.0.25123.0
MinimumVisualStudioVersion = 10.0.40219.1
Project("{FAE04EC0-301F-11D3-BF4B-00C04F79EFBC}") = "HelloXamarin.Droid", "HelloXamarin\HelloXamarin.Droid\HelloXamarin.Droid.csproj", "{C58A0F12-6DDE-4F9C-B79A-09017826B970}"
EndProject
Project("{FAE04EC0-301F-11D3-BF4B-00C04F79EFBC}") = "HelloXamarin.iOS", "HelloXamarin\HelloXamarin.iOS\HelloXamarin.iOS.csproj", "{5B8EFFE0-E210-48D8-9C14-982E27757989}"
EndProject
Project("{FAE04EC0-301F-11D3-BF4B-00C04F79EFBC}") = "HelloXamarin.WinPhone", "HelloXamarin\HelloXamarin.WinPhone\HelloXamarin.WinPhone.csproj", "{24EE06C8-5034-418D-A749-8516FB67022F}"
EndProject
Project("{FAE04EC0-301F-11D3-BF4B-00C04F79EFBC}") = "HelloXamarin.UWP", "HelloXamarin\HelloXamarin.UWP\HelloXamarin.UWP.csproj", "{BCCB1E57-E69A-4156-B9CD-6C1C3410C360}"
EndProject
Project("{FAE04EC0-301F-11D3-BF4B-00C04F79EFBC}") = "HelloXamarin.Windows", "HelloXamarin\HelloXamarin.Windows\HelloXamarin.Windows.csproj", "{144CBC05-EDD3-45C2-B0FD-065B6C14A99E}"
EndProject
Project("{FAE04EC0-301F-11D3-BF4B-00C04F79EFBC}") = "HelloXamarin", "HelloXamarin\HelloXamarin\HelloXamarin.csproj", "{C3CC9E77-42DD-4896-BBB6-730D9FD9FCB6}"
EndProject
Global
	GlobalSection(SolutionConfigurationPlatforms) = preSolution
		Ad-Hoc|Any CPU = Ad-Hoc|Any CPU
		Ad-Hoc|ARM = Ad-Hoc|ARM
		Ad-Hoc|iPhone = Ad-Hoc|iPhone
		Ad-Hoc|iPhoneSimulator = Ad-Hoc|iPhoneSimulator
		Ad-Hoc|x64 = Ad-Hoc|x64
		Ad-Hoc|x86 = Ad-Hoc|x86
		AppStore|Any CPU = AppStore|Any CPU
		AppStore|ARM = AppStore|ARM
		AppStore|iPhone = AppStore|iPhone
		AppStore|iPhoneSimulator = AppStore|iPhoneSimulator
		AppStore|x64 = AppStore|x64
		AppStore|x86 = AppStore|x86
		Debug|Any CPU = Debug|Any CPU
		Debug|ARM = Debug|ARM
		Debug|iPhone = Debug|iPhone
		Debug|iPhoneSimulator = Debug|iPhoneSimulator
		Debug|x64 = Debug|x64
		Debug|x86 = Debug|x86
		Release|Any CPU = Release|Any CPU
		Release|ARM = Release|ARM
		Release|iPhone = Release|iPhone
		Release|iPhoneSimulator = Release|iPhoneSimulator
		Release|x64 = Release|x64
		Release|x86 = Release|x86
	EndGlobalSection
	GlobalSection(ProjectConfigurationPlatforms) = postSolution
		{C58A0F12-6DDE-4F9C-B79A-09017826B970}.Ad-Hoc|Any CPU.ActiveCfg = Release|Any CPU
		{C58A0F12-6DDE-4F9C-B79A-09017826B970}.Ad-Hoc|Any CPU.Build.0 = Release|Any CPU
		{C58A0F12-6DDE-4F9C-B79A-09017826B970}.Ad-Hoc|Any CPU.Deploy.0 = Release|Any CPU
		{C58A0F12-6DDE-4F9C-B79A-09017826B970}.Ad-Hoc|ARM.ActiveCfg = Release|Any CPU
		{C58A0F12-6DDE-4F9C-B79A-09017826B970}.Ad-Hoc|ARM.Build.0 = Release|Any CPU
		{C58A0F12-6DDE-4F9C-B79A-09017826B970}.Ad-Hoc|ARM.Deploy.0 = Release|Any CPU
		{C58A0F12-6DDE-4F9C-B79A-09017826B970}.Ad-Hoc|iPhone.ActiveCfg = Release|Any CPU
		{C58A0F12-6DDE-4F9C-B79A-09017826B970}.Ad-Hoc|iPhone.Build.0 = Release|Any CPU
		{C58A0F12-6DDE-4F9C-B79A-09017826B970}.Ad-Hoc|iPhone.Deploy.0 = Release|Any CPU
		{C58A0F12-6DDE-4F9C-B79A-09017826B970}.Ad-Hoc|iPhoneSimulator.ActiveCfg = Release|Any CPU
		{C58A0F12-6DDE-4F9C-B79A-09017826B970}.Ad-Hoc|iPhoneSimulator.Build.0 = Release|Any CPU
		{C58A0F12-6DDE-4F9C-B79A-09017826B970}.Ad-Hoc|iPhoneSimulator.Deploy.0 = Release|Any CPU
		{C58A0F12-6DDE-4F9C-B79A-09017826B970}.Ad-Hoc|x64.ActiveCfg = Release|Any CPU
		{C58A0F12-6DDE-4F9C-B79A-09017826B970}.Ad-Hoc|x64.Build.0 = Release|Any CPU
		{C58A0F12-6DDE-4F9C-B79A-09017826B970}.Ad-Hoc|x64.Deploy.0 = Release|Any CPU
		{C58A0F12-6DDE-4F9C-B79A-09017826B970}.Ad-Hoc|x86.ActiveCfg = Release|Any CPU
		{C58A0F12-6DDE-4F9C-B79A-09017826B970}.Ad-Hoc|x86.Build.0 = Release|Any CPU
		{C58A0F12-6DDE-4F9C-B79A-09017826B970}.Ad-Hoc|x86.Deploy.0 = Release|Any CPU
		{C58A0F12-6DDE-4F9C-B79A-09017826B970}.AppStore|Any CPU.ActiveCfg = Release|Any CPU
		{C58A0F12-6DDE-4F9C-B79A-09017826B970}.AppStore|Any CPU.Build.0 = Release|Any CPU
		{C58A0F12-6DDE-4F9C-B79A-09017826B970}.AppStore|Any CPU.Deploy.0 = Release|Any CPU
		{C58A0F12-6DDE-4F9C-B79A-09017826B970}.AppStore|ARM.ActiveCfg = Release|Any CPU
		{C58A0F12-6DDE-4F9C-B79A-09017826B970}.AppStore|ARM.Build.0 = Release|Any CPU
		{C58A0F12-6DDE-4F9C-B79A-09017826B970}.AppStore|ARM.Deploy.0 = Release|Any CPU
		{C58A0F12-6DDE-4F9C-B79A-09017826B970}.AppStore|iPhone.ActiveCfg = Release|Any CPU
		{C58A0F12-6DDE-4F9C-B79A-09017826B970}.AppStore|iPhone.Build.0 = Release|Any CPU
		{C58A0F12-6DDE-4F9C-B79A-09017826B970}.AppStore|iPhone.Deploy.0 = Release|Any CPU
		{C58A0F12-6DDE-4F9C-B79A-09017826B970}.AppStore|iPhoneSimulator.ActiveCfg = Release|Any CPU
		{C58A0F12-6DDE-4F9C-B79A-09017826B970}.AppStore|iPhoneSimulator.Build.0 = Release|Any CPU
		{C58A0F12-6DDE-4F9C-B79A-09017826B970}.AppStore|iPhoneSimulator.Deploy.0 = Release|Any CPU
		{C58A0F12-6DDE-4F9C-B79A-09017826B970}.AppStore|x64.ActiveCfg = Release|Any CPU
		{C58A0F12-6DDE-4F9C-B79A-09017826B970}.AppStore|x64.Build.0 = Release|Any CPU
		{C58A0F12-6DDE-4F9C-B79A-09017826B970}.AppStore|x64.Deploy.0 = Release|Any CPU
		{C58A0F12-6DDE-4F9C-B79A-09017826B970}.AppStore|x86.ActiveCfg = Release|Any CPU
		{C58A0F12-6DDE-4F9C-B79A-09017826B970}.AppStore|x86.Build.0 = Release|Any CPU
		{C58A0F12-6DDE-4F9C-B79A-09017826B970}.AppStore|x86.Deploy.0 = Release|Any CPU
		{C58A0F12-6DDE-4F9C-B79A-09017826B970}.Debug|Any CPU.ActiveCfg = Debug|Any CPU
		{C58A0F12-6DDE-4F9C-B79A-09017826B970}.Debug|Any CPU.Build.0 = Debug|Any CPU
		{C58A0F12-6DDE-4F9C-B79A-09017826B970}.Debug|Any CPU.Deploy.0 = Debug|Any CPU
		{C58A0F12-6DDE-4F9C-B79A-09017826B970}.Debug|ARM.ActiveCfg = Debug|Any CPU
		{C58A0F12-6DDE-4F9C-B79A-09017826B970}.Debug|ARM.Build.0 = Debug|Any CPU
		{C58A0F12-6DDE-4F9C-B79A-09017826B970}.Debug|ARM.Deploy.0 = Debug|Any CPU
		{C58A0F12-6DDE-4F9C-B79A-09017826B970}.Debug|iPhone.ActiveCfg = Debug|Any CPU
		{C58A0F12-6DDE-4F9C-B79A-09017826B970}.Debug|iPhone.Build.0 = Debug|Any CPU
		{C58A0F12-6DDE-4F9C-B79A-09017826B970}.Debug|iPhone.Deploy.0 = Debug|Any CPU
		{C58A0F12-6DDE-4F9C-B79A-09017826B970}.Debug|iPhoneSimulator.ActiveCfg = Debug|Any CPU
		{C58A0F12-6DDE-4F9C-B79A-09017826B970}.Debug|iPhoneSimulator.Build.0 = Debug|Any CPU
		{C58A0F12-6DDE-4F9C-B79A-09017826B970}.Debug|iPhoneSimulator.Deploy.0 = Debug|Any CPU
		{C58A0F12-6DDE-4F9C-B79A-09017826B970}.Debug|x64.ActiveCfg = Debug|Any CPU
		{C58A0F12-6DDE-4F9C-B79A-09017826B970}.Debug|x64.Build.0 = Debug|Any CPU
		{C58A0F12-6DDE-4F9C-B79A-09017826B970}.Debug|x64.Deploy.0 = Debug|Any CPU
		{C58A0F12-6DDE-4F9C-B79A-09017826B970}.Debug|x86.ActiveCfg = Debug|Any CPU
		{C58A0F12-6DDE-4F9C-B79A-09017826B970}.Debug|x86.Build.0 = Debug|Any CPU
		{C58A0F12-6DDE-4F9C-B79A-09017826B970}.Debug|x86.Deploy.0 = Debug|Any CPU
		{C58A0F12-6DDE-4F9C-B79A-09017826B970}.Release|Any CPU.ActiveCfg = Release|Any CPU
		{C58A0F12-6DDE-4F9C-B79A-09017826B970}.Release|Any CPU.Build.0 = Release|Any CPU
		{C58A0F12-6DDE-4F9C-B79A-09017826B970}.Release|Any CPU.Deploy.0 = Release|Any CPU
		{C58A0F12-6DDE-4F9C-B79A-09017826B970}.Release|ARM.ActiveCfg = Release|Any CPU
		{C58A0F12-6DDE-4F9C-B79A-09017826B970}.Release|ARM.Build.0 = Release|Any CPU
		{C58A0F12-6DDE-4F9C-B79A-09017826B970}.Release|ARM.Deploy.0 = Release|Any CPU
		{C58A0F12-6DDE-4F9C-B79A-09017826B970}.Release|iPhone.ActiveCfg = Release|Any CPU
		{C58A0F12-6DDE-4F9C-B79A-09017826B970}.Release|iPhone.Build.0 = Release|Any CPU
		{C58A0F12-6DDE-4F9C-B79A-09017826B970}.Release|iPhone.Deploy.0 = Release|Any CPU
		{C58A0F12-6DDE-4F9C-B79A-09017826B970}.Release|iPhoneSimulator.ActiveCfg = Release|Any CPU
		{C58A0F12-6DDE-4F9C-B79A-09017826B970}.Release|iPhoneSimulator.Build.0 = Release|Any CPU
		{C58A0F12-6DDE-4F9C-B79A-09017826B970}.Release|iPhoneSimulator.Deploy.0 = Release|Any CPU
		{C58A0F12-6DDE-4F9C-B79A-09017826B970}.Release|x64.ActiveCfg = Release|Any CPU
		{C58A0F12-6DDE-4F9C-B79A-09017826B970}.Release|x64.Build.0 = Release|Any CPU
		{C58A0F12-6DDE-4F9C-B79A-09017826B970}.Release|x64.Deploy.0 = Release|Any CPU
		{C58A0F12-6DDE-4F9C-B79A-09017826B970}.Release|x86.ActiveCfg = Release|Any CPU
		{C58A0F12-6DDE-4F9C-B79A-09017826B970}.Release|x86.Build.0 = Release|Any CPU
		{C58A0F12-6DDE-4F9C-B79A-09017826B970}.Release|x86.Deploy.0 = Release|Any CPU
		{5B8EFFE0-E210-48D8-9C14-982E27757989}.Ad-Hoc|Any CPU.ActiveCfg = Ad-Hoc|iPhone
		{5B8EFFE0-E210-48D8-9C14-982E27757989}.Ad-Hoc|ARM.ActiveCfg = Ad-Hoc|iPhone
		{5B8EFFE0-E210-48D8-9C14-982E27757989}.Ad-Hoc|iPhone.ActiveCfg = Ad-Hoc|iPhone
		{5B8EFFE0-E210-48D8-9C14-982E27757989}.Ad-Hoc|iPhone.Build.0 = Ad-Hoc|iPhone
		{5B8EFFE0-E210-48D8-9C14-982E27757989}.Ad-Hoc|iPhoneSimulator.ActiveCfg = Ad-Hoc|iPhoneSimulator
		{5B8EFFE0-E210-48D8-9C14-982E27757989}.Ad-Hoc|iPhoneSimulator.Build.0 = Ad-Hoc|iPhoneSimulator
		{5B8EFFE0-E210-48D8-9C14-982E27757989}.Ad-Hoc|x64.ActiveCfg = Ad-Hoc|iPhone
		{5B8EFFE0-E210-48D8-9C14-982E27757989}.Ad-Hoc|x86.ActiveCfg = Ad-Hoc|iPhone
		{5B8EFFE0-E210-48D8-9C14-982E27757989}.AppStore|Any CPU.ActiveCfg = AppStore|iPhone
		{5B8EFFE0-E210-48D8-9C14-982E27757989}.AppStore|ARM.ActiveCfg = AppStore|iPhone
		{5B8EFFE0-E210-48D8-9C14-982E27757989}.AppStore|iPhone.ActiveCfg = AppStore|iPhone
		{5B8EFFE0-E210-48D8-9C14-982E27757989}.AppStore|iPhone.Build.0 = AppStore|iPhone
		{5B8EFFE0-E210-48D8-9C14-982E27757989}.AppStore|iPhoneSimulator.ActiveCfg = AppStore|iPhoneSimulator
		{5B8EFFE0-E210-48D8-9C14-982E27757989}.AppStore|iPhoneSimulator.Build.0 = AppStore|iPhoneSimulator
		{5B8EFFE0-E210-48D8-9C14-982E27757989}.AppStore|x64.ActiveCfg = AppStore|iPhone
		{5B8EFFE0-E210-48D8-9C14-982E27757989}.AppStore|x86.ActiveCfg = AppStore|iPhone
		{5B8EFFE0-E210-48D8-9C14-982E27757989}.Debug|Any CPU.ActiveCfg = Debug|iPhone
		{5B8EFFE0-E210-48D8-9C14-982E27757989}.Debug|ARM.ActiveCfg = Debug|iPhone
		{5B8EFFE0-E210-48D8-9C14-982E27757989}.Debug|iPhone.ActiveCfg = Debug|iPhone
		{5B8EFFE0-E210-48D8-9C14-982E27757989}.Debug|iPhone.Build.0 = Debug|iPhone
		{5B8EFFE0-E210-48D8-9C14-982E27757989}.Debug|iPhoneSimulator.ActiveCfg = Debug|iPhoneSimulator
		{5B8EFFE0-E210-48D8-9C14-982E27757989}.Debug|iPhoneSimulator.Build.0 = Debug|iPhoneSimulator
		{5B8EFFE0-E210-48D8-9C14-982E27757989}.Debug|x64.ActiveCfg = Debug|iPhone
		{5B8EFFE0-E210-48D8-9C14-982E27757989}.Debug|x86.ActiveCfg = Debug|iPhone
		{5B8EFFE0-E210-48D8-9C14-982E27757989}.Release|Any CPU.ActiveCfg = Release|iPhone
		{5B8EFFE0-E210-48D8-9C14-982E27757989}.Release|ARM.ActiveCfg = Release|iPhone
		{5B8EFFE0-E210-48D8-9C14-982E27757989}.Release|iPhone.ActiveCfg = Release|iPhone
		{5B8EFFE0-E210-48D8-9C14-982E27757989}.Release|iPhone.Build.0 = Release|iPhone
		{5B8EFFE0-E210-48D8-9C14-982E27757989}.Release|iPhoneSimulator.ActiveCfg = Release|iPhoneSimulator
		{5B8EFFE0-E210-48D8-9C14-982E27757989}.Release|iPhoneSimulator.Build.0 = Release|iPhoneSimulator
		{5B8EFFE0-E210-48D8-9C14-982E27757989}.Release|x64.ActiveCfg = Release|iPhone
		{5B8EFFE0-E210-48D8-9C14-982E27757989}.Release|x86.ActiveCfg = Release|iPhone
		{24EE06C8-5034-418D-A749-8516FB67022F}.Ad-Hoc|Any CPU.ActiveCfg = Release|Any CPU
		{24EE06C8-5034-418D-A749-8516FB67022F}.Ad-Hoc|Any CPU.Build.0 = Release|Any CPU
		{24EE06C8-5034-418D-A749-8516FB67022F}.Ad-Hoc|Any CPU.Deploy.0 = Release|Any CPU
		{24EE06C8-5034-418D-A749-8516FB67022F}.Ad-Hoc|ARM.ActiveCfg = Release|ARM
		{24EE06C8-5034-418D-A749-8516FB67022F}.Ad-Hoc|ARM.Build.0 = Release|ARM
		{24EE06C8-5034-418D-A749-8516FB67022F}.Ad-Hoc|ARM.Deploy.0 = Release|ARM
		{24EE06C8-5034-418D-A749-8516FB67022F}.Ad-Hoc|iPhone.ActiveCfg = Release|Any CPU
		{24EE06C8-5034-418D-A749-8516FB67022F}.Ad-Hoc|iPhone.Build.0 = Release|Any CPU
		{24EE06C8-5034-418D-A749-8516FB67022F}.Ad-Hoc|iPhone.Deploy.0 = Release|Any CPU
		{24EE06C8-5034-418D-A749-8516FB67022F}.Ad-Hoc|iPhoneSimulator.ActiveCfg = Release|Any CPU
		{24EE06C8-5034-418D-A749-8516FB67022F}.Ad-Hoc|iPhoneSimulator.Build.0 = Release|Any CPU
		{24EE06C8-5034-418D-A749-8516FB67022F}.Ad-Hoc|iPhoneSimulator.Deploy.0 = Release|Any CPU
		{24EE06C8-5034-418D-A749-8516FB67022F}.Ad-Hoc|x64.ActiveCfg = Release|Any CPU
		{24EE06C8-5034-418D-A749-8516FB67022F}.Ad-Hoc|x64.Build.0 = Release|Any CPU
		{24EE06C8-5034-418D-A749-8516FB67022F}.Ad-Hoc|x64.Deploy.0 = Release|Any CPU
		{24EE06C8-5034-418D-A749-8516FB67022F}.Ad-Hoc|x86.ActiveCfg = Release|x86
		{24EE06C8-5034-418D-A749-8516FB67022F}.Ad-Hoc|x86.Build.0 = Release|x86
		{24EE06C8-5034-418D-A749-8516FB67022F}.Ad-Hoc|x86.Deploy.0 = Release|x86
		{24EE06C8-5034-418D-A749-8516FB67022F}.AppStore|Any CPU.ActiveCfg = Release|Any CPU
		{24EE06C8-5034-418D-A749-8516FB67022F}.AppStore|Any CPU.Build.0 = Release|Any CPU
		{24EE06C8-5034-418D-A749-8516FB67022F}.AppStore|Any CPU.Deploy.0 = Release|Any CPU
		{24EE06C8-5034-418D-A749-8516FB67022F}.AppStore|ARM.ActiveCfg = Release|ARM
		{24EE06C8-5034-418D-A749-8516FB67022F}.AppStore|ARM.Build.0 = Release|ARM
		{24EE06C8-5034-418D-A749-8516FB67022F}.AppStore|ARM.Deploy.0 = Release|ARM
		{24EE06C8-5034-418D-A749-8516FB67022F}.AppStore|iPhone.ActiveCfg = Release|Any CPU
		{24EE06C8-5034-418D-A749-8516FB67022F}.AppStore|iPhone.Build.0 = Release|Any CPU
		{24EE06C8-5034-418D-A749-8516FB67022F}.AppStore|iPhone.Deploy.0 = Release|Any CPU
		{24EE06C8-5034-418D-A749-8516FB67022F}.AppStore|iPhoneSimulator.ActiveCfg = Release|Any CPU
		{24EE06C8-5034-418D-A749-8516FB67022F}.AppStore|iPhoneSimulator.Build.0 = Release|Any CPU
		{24EE06C8-5034-418D-A749-8516FB67022F}.AppStore|iPhoneSimulator.Deploy.0 = Release|Any CPU
		{24EE06C8-5034-418D-A749-8516FB67022F}.AppStore|x64.ActiveCfg = Release|Any CPU
		{24EE06C8-5034-418D-A749-8516FB67022F}.AppStore|x64.Build.0 = Release|Any CPU
		{24EE06C8-5034-418D-A749-8516FB67022F}.AppStore|x64.Deploy.0 = Release|Any CPU
		{24EE06C8-5034-418D-A749-8516FB67022F}.AppStore|x86.ActiveCfg = Release|x86
		{24EE06C8-5034-418D-A749-8516FB67022F}.AppStore|x86.Build.0 = Release|x86
		{24EE06C8-5034-418D-A749-8516FB67022F}.AppStore|x86.Deploy.0 = Release|x86
		{24EE06C8-5034-418D-A749-8516FB67022F}.Debug|Any CPU.ActiveCfg = Debug|Any CPU
		{24EE06C8-5034-418D-A749-8516FB67022F}.Debug|Any CPU.Build.0 = Debug|Any CPU
		{24EE06C8-5034-418D-A749-8516FB67022F}.Debug|Any CPU.Deploy.0 = Debug|Any CPU
		{24EE06C8-5034-418D-A749-8516FB67022F}.Debug|ARM.ActiveCfg = Debug|ARM
		{24EE06C8-5034-418D-A749-8516FB67022F}.Debug|ARM.Build.0 = Debug|ARM
		{24EE06C8-5034-418D-A749-8516FB67022F}.Debug|ARM.Deploy.0 = Debug|ARM
		{24EE06C8-5034-418D-A749-8516FB67022F}.Debug|iPhone.ActiveCfg = Debug|Any CPU
		{24EE06C8-5034-418D-A749-8516FB67022F}.Debug|iPhone.Build.0 = Debug|Any CPU
		{24EE06C8-5034-418D-A749-8516FB67022F}.Debug|iPhone.Deploy.0 = Debug|Any CPU
		{24EE06C8-5034-418D-A749-8516FB67022F}.Debug|iPhoneSimulator.ActiveCfg = Debug|Any CPU
		{24EE06C8-5034-418D-A749-8516FB67022F}.Debug|iPhoneSimulator.Build.0 = Debug|Any CPU
		{24EE06C8-5034-418D-A749-8516FB67022F}.Debug|iPhoneSimulator.Deploy.0 = Debug|Any CPU
		{24EE06C8-5034-418D-A749-8516FB67022F}.Debug|x64.ActiveCfg = Debug|Any CPU
		{24EE06C8-5034-418D-A749-8516FB67022F}.Debug|x64.Build.0 = Debug|Any CPU
		{24EE06C8-5034-418D-A749-8516FB67022F}.Debug|x64.Deploy.0 = Debug|Any CPU
		{24EE06C8-5034-418D-A749-8516FB67022F}.Debug|x86.ActiveCfg = Debug|x86
		{24EE06C8-5034-418D-A749-8516FB67022F}.Debug|x86.Build.0 = Debug|x86
		{24EE06C8-5034-418D-A749-8516FB67022F}.Debug|x86.Deploy.0 = Debug|x86
		{24EE06C8-5034-418D-A749-8516FB67022F}.Release|Any CPU.ActiveCfg = Release|Any CPU
		{24EE06C8-5034-418D-A749-8516FB67022F}.Release|Any CPU.Build.0 = Release|Any CPU
		{24EE06C8-5034-418D-A749-8516FB67022F}.Release|Any CPU.Deploy.0 = Release|Any CPU
		{24EE06C8-5034-418D-A749-8516FB67022F}.Release|ARM.ActiveCfg = Release|ARM
		{24EE06C8-5034-418D-A749-8516FB67022F}.Release|ARM.Build.0 = Release|ARM
		{24EE06C8-5034-418D-A749-8516FB67022F}.Release|ARM.Deploy.0 = Release|ARM
		{24EE06C8-5034-418D-A749-8516FB67022F}.Release|iPhone.ActiveCfg = Release|Any CPU
		{24EE06C8-5034-418D-A749-8516FB67022F}.Release|iPhone.Build.0 = Release|Any CPU
		{24EE06C8-5034-418D-A749-8516FB67022F}.Release|iPhone.Deploy.0 = Release|Any CPU
		{24EE06C8-5034-418D-A749-8516FB67022F}.Release|iPhoneSimulator.ActiveCfg = Release|Any CPU
		{24EE06C8-5034-418D-A749-8516FB67022F}.Release|iPhoneSimulator.Build.0 = Release|Any CPU
		{24EE06C8-5034-418D-A749-8516FB67022F}.Release|iPhoneSimulator.Deploy.0 = Release|Any CPU
		{24EE06C8-5034-418D-A749-8516FB67022F}.Release|x64.ActiveCfg = Release|Any CPU
		{24EE06C8-5034-418D-A749-8516FB67022F}.Release|x64.Build.0 = Release|Any CPU
		{24EE06C8-5034-418D-A749-8516FB67022F}.Release|x64.Deploy.0 = Release|Any CPU
		{24EE06C8-5034-418D-A749-8516FB67022F}.Release|x86.ActiveCfg = Release|x86
		{24EE06C8-5034-418D-A749-8516FB67022F}.Release|x86.Build.0 = Release|x86
		{24EE06C8-5034-418D-A749-8516FB67022F}.Release|x86.Deploy.0 = Release|x86
		{BCCB1E57-E69A-4156-B9CD-6C1C3410C360}.Ad-Hoc|Any CPU.ActiveCfg = Release|x86
		{BCCB1E57-E69A-4156-B9CD-6C1C3410C360}.Ad-Hoc|Any CPU.Build.0 = Release|x86
		{BCCB1E57-E69A-4156-B9CD-6C1C3410C360}.Ad-Hoc|Any CPU.Deploy.0 = Release|x86
		{BCCB1E57-E69A-4156-B9CD-6C1C3410C360}.Ad-Hoc|ARM.ActiveCfg = Release|ARM
		{BCCB1E57-E69A-4156-B9CD-6C1C3410C360}.Ad-Hoc|ARM.Build.0 = Release|ARM
		{BCCB1E57-E69A-4156-B9CD-6C1C3410C360}.Ad-Hoc|ARM.Deploy.0 = Release|ARM
		{BCCB1E57-E69A-4156-B9CD-6C1C3410C360}.Ad-Hoc|iPhone.ActiveCfg = Release|x86
		{BCCB1E57-E69A-4156-B9CD-6C1C3410C360}.Ad-Hoc|iPhone.Build.0 = Release|x86
		{BCCB1E57-E69A-4156-B9CD-6C1C3410C360}.Ad-Hoc|iPhone.Deploy.0 = Release|x86
		{BCCB1E57-E69A-4156-B9CD-6C1C3410C360}.Ad-Hoc|iPhoneSimulator.ActiveCfg = Release|x86
		{BCCB1E57-E69A-4156-B9CD-6C1C3410C360}.Ad-Hoc|iPhoneSimulator.Build.0 = Release|x86
		{BCCB1E57-E69A-4156-B9CD-6C1C3410C360}.Ad-Hoc|iPhoneSimulator.Deploy.0 = Release|x86
		{BCCB1E57-E69A-4156-B9CD-6C1C3410C360}.Ad-Hoc|x64.ActiveCfg = Release|x64
		{BCCB1E57-E69A-4156-B9CD-6C1C3410C360}.Ad-Hoc|x64.Build.0 = Release|x64
		{BCCB1E57-E69A-4156-B9CD-6C1C3410C360}.Ad-Hoc|x64.Deploy.0 = Release|x64
		{BCCB1E57-E69A-4156-B9CD-6C1C3410C360}.Ad-Hoc|x86.ActiveCfg = Release|x86
		{BCCB1E57-E69A-4156-B9CD-6C1C3410C360}.Ad-Hoc|x86.Build.0 = Release|x86
		{BCCB1E57-E69A-4156-B9CD-6C1C3410C360}.Ad-Hoc|x86.Deploy.0 = Release|x86
		{BCCB1E57-E69A-4156-B9CD-6C1C3410C360}.AppStore|Any CPU.ActiveCfg = Release|x86
		{BCCB1E57-E69A-4156-B9CD-6C1C3410C360}.AppStore|Any CPU.Build.0 = Release|x86
		{BCCB1E57-E69A-4156-B9CD-6C1C3410C360}.AppStore|Any CPU.Deploy.0 = Release|x86
		{BCCB1E57-E69A-4156-B9CD-6C1C3410C360}.AppStore|ARM.ActiveCfg = Release|ARM
		{BCCB1E57-E69A-4156-B9CD-6C1C3410C360}.AppStore|ARM.Build.0 = Release|ARM
		{BCCB1E57-E69A-4156-B9CD-6C1C3410C360}.AppStore|ARM.Deploy.0 = Release|ARM
		{BCCB1E57-E69A-4156-B9CD-6C1C3410C360}.AppStore|iPhone.ActiveCfg = Release|x86
		{BCCB1E57-E69A-4156-B9CD-6C1C3410C360}.AppStore|iPhone.Build.0 = Release|x86
		{BCCB1E57-E69A-4156-B9CD-6C1C3410C360}.AppStore|iPhone.Deploy.0 = Release|x86
		{BCCB1E57-E69A-4156-B9CD-6C1C3410C360}.AppStore|iPhoneSimulator.ActiveCfg = Release|x86
		{BCCB1E57-E69A-4156-B9CD-6C1C3410C360}.AppStore|iPhoneSimulator.Build.0 = Release|x86
		{BCCB1E57-E69A-4156-B9CD-6C1C3410C360}.AppStore|iPhoneSimulator.Deploy.0 = Release|x86
		{BCCB1E57-E69A-4156-B9CD-6C1C3410C360}.AppStore|x64.ActiveCfg = Release|x64
		{BCCB1E57-E69A-4156-B9CD-6C1C3410C360}.AppStore|x64.Build.0 = Release|x64
		{BCCB1E57-E69A-4156-B9CD-6C1C3410C360}.AppStore|x64.Deploy.0 = Release|x64
		{BCCB1E57-E69A-4156-B9CD-6C1C3410C360}.AppStore|x86.ActiveCfg = Release|x86
		{BCCB1E57-E69A-4156-B9CD-6C1C3410C360}.AppStore|x86.Build.0 = Release|x86
		{BCCB1E57-E69A-4156-B9CD-6C1C3410C360}.AppStore|x86.Deploy.0 = Release|x86
		{BCCB1E57-E69A-4156-B9CD-6C1C3410C360}.Debug|Any CPU.ActiveCfg = Debug|x86
		{BCCB1E57-E69A-4156-B9CD-6C1C3410C360}.Debug|Any CPU.Build.0 = Debug|x86
		{BCCB1E57-E69A-4156-B9CD-6C1C3410C360}.Debug|Any CPU.Deploy.0 = Debug|x86
		{BCCB1E57-E69A-4156-B9CD-6C1C3410C360}.Debug|ARM.ActiveCfg = Debug|ARM
		{BCCB1E57-E69A-4156-B9CD-6C1C3410C360}.Debug|ARM.Build.0 = Debug|ARM
		{BCCB1E57-E69A-4156-B9CD-6C1C3410C360}.Debug|ARM.Deploy.0 = Debug|ARM
		{BCCB1E57-E69A-4156-B9CD-6C1C3410C360}.Debug|iPhone.ActiveCfg = Debug|x86
		{BCCB1E57-E69A-4156-B9CD-6C1C3410C360}.Debug|iPhoneSimulator.ActiveCfg = Debug|x86
		{BCCB1E57-E69A-4156-B9CD-6C1C3410C360}.Debug|x64.ActiveCfg = Debug|x64
		{BCCB1E57-E69A-4156-B9CD-6C1C3410C360}.Debug|x64.Build.0 = Debug|x64
		{BCCB1E57-E69A-4156-B9CD-6C1C3410C360}.Debug|x64.Deploy.0 = Debug|x64
		{BCCB1E57-E69A-4156-B9CD-6C1C3410C360}.Debug|x86.ActiveCfg = Debug|x86
		{BCCB1E57-E69A-4156-B9CD-6C1C3410C360}.Debug|x86.Build.0 = Debug|x86
		{BCCB1E57-E69A-4156-B9CD-6C1C3410C360}.Debug|x86.Deploy.0 = Debug|x86
		{BCCB1E57-E69A-4156-B9CD-6C1C3410C360}.Release|Any CPU.ActiveCfg = Release|x86
		{BCCB1E57-E69A-4156-B9CD-6C1C3410C360}.Release|ARM.ActiveCfg = Release|ARM
		{BCCB1E57-E69A-4156-B9CD-6C1C3410C360}.Release|ARM.Build.0 = Release|ARM
		{BCCB1E57-E69A-4156-B9CD-6C1C3410C360}.Release|ARM.Deploy.0 = Release|ARM
		{BCCB1E57-E69A-4156-B9CD-6C1C3410C360}.Release|iPhone.ActiveCfg = Release|x86
		{BCCB1E57-E69A-4156-B9CD-6C1C3410C360}.Release|iPhoneSimulator.ActiveCfg = Release|x86
		{BCCB1E57-E69A-4156-B9CD-6C1C3410C360}.Release|x64.ActiveCfg = Release|x64
		{BCCB1E57-E69A-4156-B9CD-6C1C3410C360}.Release|x64.Build.0 = Release|x64
		{BCCB1E57-E69A-4156-B9CD-6C1C3410C360}.Release|x64.Deploy.0 = Release|x64
		{BCCB1E57-E69A-4156-B9CD-6C1C3410C360}.Release|x86.ActiveCfg = Release|x86
		{BCCB1E57-E69A-4156-B9CD-6C1C3410C360}.Release|x86.Build.0 = Release|x86
		{BCCB1E57-E69A-4156-B9CD-6C1C3410C360}.Release|x86.Deploy.0 = Release|x86
		{144CBC05-EDD3-45C2-B0FD-065B6C14A99E}.Ad-Hoc|Any CPU.ActiveCfg = Release|Any CPU
		{144CBC05-EDD3-45C2-B0FD-065B6C14A99E}.Ad-Hoc|Any CPU.Build.0 = Release|Any CPU
		{144CBC05-EDD3-45C2-B0FD-065B6C14A99E}.Ad-Hoc|Any CPU.Deploy.0 = Release|Any CPU
		{144CBC05-EDD3-45C2-B0FD-065B6C14A99E}.Ad-Hoc|ARM.ActiveCfg = Release|ARM
		{144CBC05-EDD3-45C2-B0FD-065B6C14A99E}.Ad-Hoc|ARM.Build.0 = Release|ARM
		{144CBC05-EDD3-45C2-B0FD-065B6C14A99E}.Ad-Hoc|ARM.Deploy.0 = Release|ARM
		{144CBC05-EDD3-45C2-B0FD-065B6C14A99E}.Ad-Hoc|iPhone.ActiveCfg = Release|Any CPU
		{144CBC05-EDD3-45C2-B0FD-065B6C14A99E}.Ad-Hoc|iPhone.Build.0 = Release|Any CPU
		{144CBC05-EDD3-45C2-B0FD-065B6C14A99E}.Ad-Hoc|iPhone.Deploy.0 = Release|Any CPU
		{144CBC05-EDD3-45C2-B0FD-065B6C14A99E}.Ad-Hoc|iPhoneSimulator.ActiveCfg = Release|Any CPU
		{144CBC05-EDD3-45C2-B0FD-065B6C14A99E}.Ad-Hoc|iPhoneSimulator.Build.0 = Release|Any CPU
		{144CBC05-EDD3-45C2-B0FD-065B6C14A99E}.Ad-Hoc|iPhoneSimulator.Deploy.0 = Release|Any CPU
		{144CBC05-EDD3-45C2-B0FD-065B6C14A99E}.Ad-Hoc|x64.ActiveCfg = Release|x64
		{144CBC05-EDD3-45C2-B0FD-065B6C14A99E}.Ad-Hoc|x64.Build.0 = Release|x64
		{144CBC05-EDD3-45C2-B0FD-065B6C14A99E}.Ad-Hoc|x64.Deploy.0 = Release|x64
		{144CBC05-EDD3-45C2-B0FD-065B6C14A99E}.Ad-Hoc|x86.ActiveCfg = Release|x86
		{144CBC05-EDD3-45C2-B0FD-065B6C14A99E}.Ad-Hoc|x86.Build.0 = Release|x86
		{144CBC05-EDD3-45C2-B0FD-065B6C14A99E}.Ad-Hoc|x86.Deploy.0 = Release|x86
		{144CBC05-EDD3-45C2-B0FD-065B6C14A99E}.AppStore|Any CPU.ActiveCfg = Release|Any CPU
		{144CBC05-EDD3-45C2-B0FD-065B6C14A99E}.AppStore|Any CPU.Build.0 = Release|Any CPU
		{144CBC05-EDD3-45C2-B0FD-065B6C14A99E}.AppStore|Any CPU.Deploy.0 = Release|Any CPU
		{144CBC05-EDD3-45C2-B0FD-065B6C14A99E}.AppStore|ARM.ActiveCfg = Release|ARM
		{144CBC05-EDD3-45C2-B0FD-065B6C14A99E}.AppStore|ARM.Build.0 = Release|ARM
		{144CBC05-EDD3-45C2-B0FD-065B6C14A99E}.AppStore|ARM.Deploy.0 = Release|ARM
		{144CBC05-EDD3-45C2-B0FD-065B6C14A99E}.AppStore|iPhone.ActiveCfg = Release|Any CPU
		{144CBC05-EDD3-45C2-B0FD-065B6C14A99E}.AppStore|iPhone.Build.0 = Release|Any CPU
		{144CBC05-EDD3-45C2-B0FD-065B6C14A99E}.AppStore|iPhone.Deploy.0 = Release|Any CPU
		{144CBC05-EDD3-45C2-B0FD-065B6C14A99E}.AppStore|iPhoneSimulator.ActiveCfg = Release|Any CPU
		{144CBC05-EDD3-45C2-B0FD-065B6C14A99E}.AppStore|iPhoneSimulator.Build.0 = Release|Any CPU
		{144CBC05-EDD3-45C2-B0FD-065B6C14A99E}.AppStore|iPhoneSimulator.Deploy.0 = Release|Any CPU
		{144CBC05-EDD3-45C2-B0FD-065B6C14A99E}.AppStore|x64.ActiveCfg = Release|x64
		{144CBC05-EDD3-45C2-B0FD-065B6C14A99E}.AppStore|x64.Build.0 = Release|x64
		{144CBC05-EDD3-45C2-B0FD-065B6C14A99E}.AppStore|x64.Deploy.0 = Release|x64
		{144CBC05-EDD3-45C2-B0FD-065B6C14A99E}.AppStore|x86.ActiveCfg = Release|x86
		{144CBC05-EDD3-45C2-B0FD-065B6C14A99E}.AppStore|x86.Build.0 = Release|x86
		{144CBC05-EDD3-45C2-B0FD-065B6C14A99E}.AppStore|x86.Deploy.0 = Release|x86
		{144CBC05-EDD3-45C2-B0FD-065B6C14A99E}.Debug|Any CPU.ActiveCfg = Debug|Any CPU
		{144CBC05-EDD3-45C2-B0FD-065B6C14A99E}.Debug|Any CPU.Build.0 = Debug|Any CPU
		{144CBC05-EDD3-45C2-B0FD-065B6C14A99E}.Debug|Any CPU.Deploy.0 = Debug|Any CPU
		{144CBC05-EDD3-45C2-B0FD-065B6C14A99E}.Debug|ARM.ActiveCfg = Debug|ARM
		{144CBC05-EDD3-45C2-B0FD-065B6C14A99E}.Debug|ARM.Build.0 = Debug|ARM
		{144CBC05-EDD3-45C2-B0FD-065B6C14A99E}.Debug|ARM.Deploy.0 = Debug|ARM
		{144CBC05-EDD3-45C2-B0FD-065B6C14A99E}.Debug|iPhone.ActiveCfg = Debug|Any CPU
		{144CBC05-EDD3-45C2-B0FD-065B6C14A99E}.Debug|iPhone.Build.0 = Debug|Any CPU
		{144CBC05-EDD3-45C2-B0FD-065B6C14A99E}.Debug|iPhone.Deploy.0 = Debug|Any CPU
		{144CBC05-EDD3-45C2-B0FD-065B6C14A99E}.Debug|iPhoneSimulator.ActiveCfg = Debug|Any CPU
		{144CBC05-EDD3-45C2-B0FD-065B6C14A99E}.Debug|iPhoneSimulator.Build.0 = Debug|Any CPU
		{144CBC05-EDD3-45C2-B0FD-065B6C14A99E}.Debug|iPhoneSimulator.Deploy.0 = Debug|Any CPU
		{144CBC05-EDD3-45C2-B0FD-065B6C14A99E}.Debug|x64.ActiveCfg = Debug|x64
		{144CBC05-EDD3-45C2-B0FD-065B6C14A99E}.Debug|x64.Build.0 = Debug|x64
		{144CBC05-EDD3-45C2-B0FD-065B6C14A99E}.Debug|x64.Deploy.0 = Debug|x64
		{144CBC05-EDD3-45C2-B0FD-065B6C14A99E}.Debug|x86.ActiveCfg = Debug|x86
		{144CBC05-EDD3-45C2-B0FD-065B6C14A99E}.Debug|x86.Build.0 = Debug|x86
		{144CBC05-EDD3-45C2-B0FD-065B6C14A99E}.Debug|x86.Deploy.0 = Debug|x86
		{144CBC05-EDD3-45C2-B0FD-065B6C14A99E}.Release|Any CPU.ActiveCfg = Release|Any CPU
		{144CBC05-EDD3-45C2-B0FD-065B6C14A99E}.Release|Any CPU.Build.0 = Release|Any CPU
		{144CBC05-EDD3-45C2-B0FD-065B6C14A99E}.Release|Any CPU.Deploy.0 = Release|Any CPU
		{144CBC05-EDD3-45C2-B0FD-065B6C14A99E}.Release|ARM.ActiveCfg = Release|ARM
		{144CBC05-EDD3-45C2-B0FD-065B6C14A99E}.Release|ARM.Build.0 = Release|ARM
		{144CBC05-EDD3-45C2-B0FD-065B6C14A99E}.Release|ARM.Deploy.0 = Release|ARM
		{144CBC05-EDD3-45C2-B0FD-065B6C14A99E}.Release|iPhone.ActiveCfg = Release|Any CPU
		{144CBC05-EDD3-45C2-B0FD-065B6C14A99E}.Release|iPhone.Build.0 = Release|Any CPU
		{144CBC05-EDD3-45C2-B0FD-065B6C14A99E}.Release|iPhone.Deploy.0 = Release|Any CPU
		{144CBC05-EDD3-45C2-B0FD-065B6C14A99E}.Release|iPhoneSimulator.ActiveCfg = Release|Any CPU
		{144CBC05-EDD3-45C2-B0FD-065B6C14A99E}.Release|iPhoneSimulator.Build.0 = Release|Any CPU
		{144CBC05-EDD3-45C2-B0FD-065B6C14A99E}.Release|iPhoneSimulator.Deploy.0 = Release|Any CPU
		{144CBC05-EDD3-45C2-B0FD-065B6C14A99E}.Release|x64.ActiveCfg = Release|x64
		{144CBC05-EDD3-45C2-B0FD-065B6C14A99E}.Release|x64.Build.0 = Release|x64
		{144CBC05-EDD3-45C2-B0FD-065B6C14A99E}.Release|x64.Deploy.0 = Release|x64
		{144CBC05-EDD3-45C2-B0FD-065B6C14A99E}.Release|x86.ActiveCfg = Release|x86
		{144CBC05-EDD3-45C2-B0FD-065B6C14A99E}.Release|x86.Build.0 = Release|x86
		{144CBC05-EDD3-45C2-B0FD-065B6C14A99E}.Release|x86.Deploy.0 = Release|x86
		{C3CC9E77-42DD-4896-BBB6-730D9FD9FCB6}.Ad-Hoc|Any CPU.ActiveCfg = Release|Any CPU
		{C3CC9E77-42DD-4896-BBB6-730D9FD9FCB6}.Ad-Hoc|Any CPU.Build.0 = Release|Any CPU
		{C3CC9E77-42DD-4896-BBB6-730D9FD9FCB6}.Ad-Hoc|ARM.ActiveCfg = Release|Any CPU
		{C3CC9E77-42DD-4896-BBB6-730D9FD9FCB6}.Ad-Hoc|ARM.Build.0 = Release|Any CPU
		{C3CC9E77-42DD-4896-BBB6-730D9FD9FCB6}.Ad-Hoc|iPhone.ActiveCfg = Release|Any CPU
		{C3CC9E77-42DD-4896-BBB6-730D9FD9FCB6}.Ad-Hoc|iPhone.Build.0 = Release|Any CPU
		{C3CC9E77-42DD-4896-BBB6-730D9FD9FCB6}.Ad-Hoc|iPhoneSimulator.ActiveCfg = Release|Any CPU
		{C3CC9E77-42DD-4896-BBB6-730D9FD9FCB6}.Ad-Hoc|iPhoneSimulator.Build.0 = Release|Any CPU
		{C3CC9E77-42DD-4896-BBB6-730D9FD9FCB6}.Ad-Hoc|x64.ActiveCfg = Release|Any CPU
		{C3CC9E77-42DD-4896-BBB6-730D9FD9FCB6}.Ad-Hoc|x64.Build.0 = Release|Any CPU
		{C3CC9E77-42DD-4896-BBB6-730D9FD9FCB6}.Ad-Hoc|x86.ActiveCfg = Release|Any CPU
		{C3CC9E77-42DD-4896-BBB6-730D9FD9FCB6}.Ad-Hoc|x86.Build.0 = Release|Any CPU
		{C3CC9E77-42DD-4896-BBB6-730D9FD9FCB6}.AppStore|Any CPU.ActiveCfg = Release|Any CPU
		{C3CC9E77-42DD-4896-BBB6-730D9FD9FCB6}.AppStore|Any CPU.Build.0 = Release|Any CPU
		{C3CC9E77-42DD-4896-BBB6-730D9FD9FCB6}.AppStore|ARM.ActiveCfg = Release|Any CPU
		{C3CC9E77-42DD-4896-BBB6-730D9FD9FCB6}.AppStore|ARM.Build.0 = Release|Any CPU
		{C3CC9E77-42DD-4896-BBB6-730D9FD9FCB6}.AppStore|iPhone.ActiveCfg = Release|Any CPU
		{C3CC9E77-42DD-4896-BBB6-730D9FD9FCB6}.AppStore|iPhone.Build.0 = Release|Any CPU
		{C3CC9E77-42DD-4896-BBB6-730D9FD9FCB6}.AppStore|iPhoneSimulator.ActiveCfg = Release|Any CPU
		{C3CC9E77-42DD-4896-BBB6-730D9FD9FCB6}.AppStore|iPhoneSimulator.Build.0 = Release|Any CPU
		{C3CC9E77-42DD-4896-BBB6-730D9FD9FCB6}.AppStore|x64.ActiveCfg = Release|Any CPU
		{C3CC9E77-42DD-4896-BBB6-730D9FD9FCB6}.AppStore|x64.Build.0 = Release|Any CPU
		{C3CC9E77-42DD-4896-BBB6-730D9FD9FCB6}.AppStore|x86.ActiveCfg = Release|Any CPU
		{C3CC9E77-42DD-4896-BBB6-730D9FD9FCB6}.AppStore|x86.Build.0 = Release|Any CPU
		{C3CC9E77-42DD-4896-BBB6-730D9FD9FCB6}.Debug|Any CPU.ActiveCfg = Debug|Any CPU
		{C3CC9E77-42DD-4896-BBB6-730D9FD9FCB6}.Debug|Any CPU.Build.0 = Debug|Any CPU
		{C3CC9E77-42DD-4896-BBB6-730D9FD9FCB6}.Debug|ARM.ActiveCfg = Debug|Any CPU
		{C3CC9E77-42DD-4896-BBB6-730D9FD9FCB6}.Debug|ARM.Build.0 = Debug|Any CPU
		{C3CC9E77-42DD-4896-BBB6-730D9FD9FCB6}.Debug|iPhone.ActiveCfg = Debug|Any CPU
		{C3CC9E77-42DD-4896-BBB6-730D9FD9FCB6}.Debug|iPhone.Build.0 = Debug|Any CPU
		{C3CC9E77-42DD-4896-BBB6-730D9FD9FCB6}.Debug|iPhoneSimulator.ActiveCfg = Debug|Any CPU
		{C3CC9E77-42DD-4896-BBB6-730D9FD9FCB6}.Debug|iPhoneSimulator.Build.0 = Debug|Any CPU
		{C3CC9E77-42DD-4896-BBB6-730D9FD9FCB6}.Debug|x64.ActiveCfg = Debug|Any CPU
		{C3CC9E77-42DD-4896-BBB6-730D9FD9FCB6}.Debug|x64.Build.0 = Debug|Any CPU
		{C3CC9E77-42DD-4896-BBB6-730D9FD9FCB6}.Debug|x86.ActiveCfg = Debug|Any CPU
		{C3CC9E77-42DD-4896-BBB6-730D9FD9FCB6}.Debug|x86.Build.0 = Debug|Any CPU
		{C3CC9E77-42DD-4896-BBB6-730D9FD9FCB6}.Release|Any CPU.ActiveCfg = Release|Any CPU
		{C3CC9E77-42DD-4896-BBB6-730D9FD9FCB6}.Release|Any CPU.Build.0 = Release|Any CPU
		{C3CC9E77-42DD-4896-BBB6-730D9FD9FCB6}.Release|ARM.ActiveCfg = Release|Any CPU
		{C3CC9E77-42DD-4896-BBB6-730D9FD9FCB6}.Release|ARM.Build.0 = Release|Any CPU
		{C3CC9E77-42DD-4896-BBB6-730D9FD9FCB6}.Release|iPhone.ActiveCfg = Release|Any CPU
		{C3CC9E77-42DD-4896-BBB6-730D9FD9FCB6}.Release|iPhone.Build.0 = Release|Any CPU
		{C3CC9E77-42DD-4896-BBB6-730D9FD9FCB6}.Release|iPhoneSimulator.ActiveCfg = Release|Any CPU
		{C3CC9E77-42DD-4896-BBB6-730D9FD9FCB6}.Release|iPhoneSimulator.Build.0 = Release|Any CPU
		{C3CC9E77-42DD-4896-BBB6-730D9FD9FCB6}.Release|x64.ActiveCfg = Release|Any CPU
		{C3CC9E77-42DD-4896-BBB6-730D9FD9FCB6}.Release|x64.Build.0 = Release|Any CPU
		{C3CC9E77-42DD-4896-BBB6-730D9FD9FCB6}.Release|x86.ActiveCfg = Release|Any CPU
		{C3CC9E77-42DD-4896-BBB6-730D9FD9FCB6}.Release|x86.Build.0 = Release|Any CPU
	EndGlobalSection
	GlobalSection(SolutionProperties) = preSolution
		HideSolutionNode = FALSE
	EndGlobalSection
EndGlobal
